// !$*UTF8*$!
{
	archiveVersion = 1;
	classes = {
	};
	objectVersion = 48;
	objects = {

/* Begin PBXBuildFile section */
		3E8679181BD4F72C3B28DE70 /* Pods_NetworkController.framework in Frameworks */ = {isa = PBXBuildFile; fileRef = BBC6A94EB5CF1EC16C994BFA /* Pods_NetworkController.framework */; };
		9067BF4E20279855004DD071 /* AppDelegate.swift in Sources */ = {isa = PBXBuildFile; fileRef = 9067BF4D20279855004DD071 /* AppDelegate.swift */; };
		9067BF5020279855004DD071 /* ViewController.swift in Sources */ = {isa = PBXBuildFile; fileRef = 9067BF4F20279855004DD071 /* ViewController.swift */; };
		9067BF5320279855004DD071 /* Main.storyboard in Resources */ = {isa = PBXBuildFile; fileRef = 9067BF5120279855004DD071 /* Main.storyboard */; };
		9067BF5520279855004DD071 /* Assets.xcassets in Resources */ = {isa = PBXBuildFile; fileRef = 9067BF5420279855004DD071 /* Assets.xcassets */; };
		9067BF5820279855004DD071 /* LaunchScreen.storyboard in Resources */ = {isa = PBXBuildFile; fileRef = 9067BF5620279855004DD071 /* LaunchScreen.storyboard */; };
/* End PBXBuildFile section */

/* Begin PBXFileReference section */
		0215159D685A2405DF3B444A /* Pods-NetworkController.release.xcconfig */ = {isa = PBXFileReference; includeInIndex = 1; lastKnownFileType = text.xcconfig; name = "Pods-NetworkController.release.xcconfig"; path = "Pods/Target Support Files/Pods-NetworkController/Pods-NetworkController.release.xcconfig"; sourceTree = "<group>"; };
		9067BF4A20279855004DD071 /* NetworkController.app */ = {isa = PBXFileReference; explicitFileType = wrapper.application; includeInIndex = 0; path = NetworkController.app; sourceTree = BUILT_PRODUCTS_DIR; };
		9067BF4D20279855004DD071 /* AppDelegate.swift */ = {isa = PBXFileReference; lastKnownFileType = sourcecode.swift; path = AppDelegate.swift; sourceTree = "<group>"; };
		9067BF4F20279855004DD071 /* ViewController.swift */ = {isa = PBXFileReference; lastKnownFileType = sourcecode.swift; path = ViewController.swift; sourceTree = "<group>"; };
		9067BF5220279855004DD071 /* Base */ = {isa = PBXFileReference; lastKnownFileType = file.storyboard; name = Base; path = Base.lproj/Main.storyboard; sourceTree = "<group>"; };
		9067BF5420279855004DD071 /* Assets.xcassets */ = {isa = PBXFileReference; lastKnownFileType = folder.assetcatalog; path = Assets.xcassets; sourceTree = "<group>"; };
		9067BF5720279855004DD071 /* Base */ = {isa = PBXFileReference; lastKnownFileType = file.storyboard; name = Base; path = Base.lproj/LaunchScreen.storyboard; sourceTree = "<group>"; };
		9067BF5920279855004DD071 /* Info.plist */ = {isa = PBXFileReference; lastKnownFileType = text.plist.xml; path = Info.plist; sourceTree = "<group>"; };
		A1CEC85C700767D666F7C323 /* Pods-NetworkController.debug.xcconfig */ = {isa = PBXFileReference; includeInIndex = 1; lastKnownFileType = text.xcconfig; name = "Pods-NetworkController.debug.xcconfig"; path = "Pods/Target Support Files/Pods-NetworkController/Pods-NetworkController.debug.xcconfig"; sourceTree = "<group>"; };
		BBC6A94EB5CF1EC16C994BFA /* Pods_NetworkController.framework */ = {isa = PBXFileReference; explicitFileType = wrapper.framework; includeInIndex = 0; path = Pods_NetworkController.framework; sourceTree = BUILT_PRODUCTS_DIR; };
/* End PBXFileReference section */

/* Begin PBXFrameworksBuildPhase section */
		9067BF4720279855004DD071 /* Frameworks */ = {
			isa = PBXFrameworksBuildPhase;
			buildActionMask = 2147483647;
			files = (
				3E8679181BD4F72C3B28DE70 /* Pods_NetworkController.framework in Frameworks */,
			);
			runOnlyForDeploymentPostprocessing = 0;
		};
/* End PBXFrameworksBuildPhase section */

/* Begin PBXGroup section */
		372A6DAEDBE23BA9BA415128 /* Frameworks */ = {
			isa = PBXGroup;
			children = (
				BBC6A94EB5CF1EC16C994BFA /* Pods_NetworkController.framework */,
			);
			name = Frameworks;
			sourceTree = "<group>";
		};
		37FFF932270F4CD4E9B26686 /* Pods */ = {
			isa = PBXGroup;
			children = (
				A1CEC85C700767D666F7C323 /* Pods-NetworkController.debug.xcconfig */,
				0215159D685A2405DF3B444A /* Pods-NetworkController.release.xcconfig */,
			);
			name = Pods;
			sourceTree = "<group>";
		};
		9067BF4120279855004DD071 = {
			isa = PBXGroup;
			children = (
				9067BF4C20279855004DD071 /* NetworkController */,
				9067BF4B20279855004DD071 /* Products */,
				37FFF932270F4CD4E9B26686 /* Pods */,
				372A6DAEDBE23BA9BA415128 /* Frameworks */,
			);
			sourceTree = "<group>";
		};
		9067BF4B20279855004DD071 /* Products */ = {
			isa = PBXGroup;
			children = (
				9067BF4A20279855004DD071 /* NetworkController.app */,
			);
			name = Products;
			sourceTree = "<group>";
		};
		9067BF4C20279855004DD071 /* NetworkController */ = {
			isa = PBXGroup;
			children = (
				9067BF4D20279855004DD071 /* AppDelegate.swift */,
				9067BF4F20279855004DD071 /* ViewController.swift */,
				9067BF5120279855004DD071 /* Main.storyboard */,
				9067BF5420279855004DD071 /* Assets.xcassets */,
				9067BF5620279855004DD071 /* LaunchScreen.storyboard */,
				9067BF5920279855004DD071 /* Info.plist */,
			);
			path = NetworkController;
			sourceTree = "<group>";
		};
/* End PBXGroup section */

/* Begin PBXNativeTarget section */
		9067BF4920279855004DD071 /* NetworkController */ = {
			isa = PBXNativeTarget;
			buildConfigurationList = 9067BF5C20279855004DD071 /* Build configuration list for PBXNativeTarget "NetworkController" */;
			buildPhases = (
				0EB6DEB4B68329AFF9B9CE91 /* [CP] Check Pods Manifest.lock */,
				9067BF4620279855004DD071 /* Sources */,
				9067BF4720279855004DD071 /* Frameworks */,
				9067BF4820279855004DD071 /* Resources */,
				89299B5BFAEACDA3A841D865 /* [CP] Embed Pods Frameworks */,
				2F8FB5E505CE1B2ABA80F99F /* [CP] Copy Pods Resources */,
			);
			buildRules = (
			);
			dependencies = (
			);
			name = NetworkController;
			productName = NetworkController;
			productReference = 9067BF4A20279855004DD071 /* NetworkController.app */;
			productType = "com.apple.product-type.application";
		};
/* End PBXNativeTarget section */

/* Begin PBXProject section */
		9067BF4220279855004DD071 /* Project object */ = {
			isa = PBXProject;
			attributes = {
				LastSwiftUpdateCheck = 0920;
				LastUpgradeCheck = 0920;
				ORGANIZATIONNAME = "Mykola Vankovych";
				TargetAttributes = {
					9067BF4920279855004DD071 = {
						CreatedOnToolsVersion = 9.2;
						ProvisioningStyle = Automatic;
					};
				};
			};
			buildConfigurationList = 9067BF4520279855004DD071 /* Build configuration list for PBXProject "NetworkController" */;
			compatibilityVersion = "Xcode 8.0";
			developmentRegion = en;
			hasScannedForEncodings = 0;
			knownRegions = (
				en,
				Base,
			);
			mainGroup = 9067BF4120279855004DD071;
			productRefGroup = 9067BF4B20279855004DD071 /* Products */;
			projectDirPath = "";
			projectRoot = "";
			targets = (
				9067BF4920279855004DD071 /* NetworkController */,
			);
		};
/* End PBXProject section */

/* Begin PBXResourcesBuildPhase section */
		9067BF4820279855004DD071 /* Resources */ = {
			isa = PBXResourcesBuildPhase;
			buildActionMask = 2147483647;
			files = (
				9067BF5820279855004DD071 /* LaunchScreen.storyboard in Resources */,
				9067BF5520279855004DD071 /* Assets.xcassets in Resources */,
				9067BF5320279855004DD071 /* Main.storyboard in Resources */,
			);
			runOnlyForDeploymentPostprocessing = 0;
		};
/* End PBXResourcesBuildPhase section */

/* Begin PBXShellScriptBuildPhase section */
		0EB6DEB4B68329AFF9B9CE91 /* [CP] Check Pods Manifest.lock */ = {
			isa = PBXShellScriptBuildPhase;
			buildActionMask = 2147483647;
			files = (
			);
			inputPaths = (
				"${PODS_PODFILE_DIR_PATH}/Podfile.lock",
				"${PODS_ROOT}/Manifest.lock",
			);
			name = "[CP] Check Pods Manifest.lock";
			outputPaths = (
				"$(DERIVED_FILE_DIR)/Pods-NetworkController-checkManifestLockResult.txt",
			);
			runOnlyForDeploymentPostprocessing = 0;
			shellPath = /bin/sh;
			shellScript = "diff \"${PODS_PODFILE_DIR_PATH}/Podfile.lock\" \"${PODS_ROOT}/Manifest.lock\" > /dev/null\nif [ $? != 0 ] ; then\n    # print error to STDERR\n    echo \"error: The sandbox is not in sync with the Podfile.lock. Run 'pod install' or update your CocoaPods installation.\" >&2\n    exit 1\nfi\n# This output is used by Xcode 'outputs' to avoid re-running this script phase.\necho \"SUCCESS\" > \"${SCRIPT_OUTPUT_FILE_0}\"\n";
			showEnvVarsInLog = 0;
		};
		2F8FB5E505CE1B2ABA80F99F /* [CP] Copy Pods Resources */ = {
			isa = PBXShellScriptBuildPhase;
			buildActionMask = 2147483647;
			files = (
			);
			inputPaths = (
			);
			name = "[CP] Copy Pods Resources";
			outputPaths = (
			);
			runOnlyForDeploymentPostprocessing = 0;
			shellPath = /bin/sh;
			shellScript = "\"${SRCROOT}/Pods/Target Support Files/Pods-NetworkController/Pods-NetworkController-resources.sh\"\n";
			showEnvVarsInLog = 0;
		};
		89299B5BFAEACDA3A841D865 /* [CP] Embed Pods Frameworks */ = {
			isa = PBXShellScriptBuildPhase;
			buildActionMask = 2147483647;
			files = (
			);
			inputPaths = (
				"${SRCROOT}/Pods/Target Support Files/Pods-NetworkController/Pods-NetworkController-frameworks.sh",
				"${BUILT_PRODUCTS_DIR}/SwiftSH/SwiftSH.framework",
			);
			name = "[CP] Embed Pods Frameworks";
			outputPaths = (
				"${TARGET_BUILD_DIR}/${FRAMEWORKS_FOLDER_PATH}/SwiftSH.framework",
			);
			runOnlyForDeploymentPostprocessing = 0;
			shellPath = /bin/sh;
			shellScript = "\"${SRCROOT}/Pods/Target Support Files/Pods-NetworkController/Pods-NetworkController-frameworks.sh\"\n";
			showEnvVarsInLog = 0;
		};
/* End PBXShellScriptBuildPhase section */

/* Begin PBXSourcesBuildPhase section */
		9067BF4620279855004DD071 /* Sources */ = {
			isa = PBXSourcesBuildPhase;
			buildActionMask = 2147483647;
			files = (
				9067BF5020279855004DD071 /* ViewController.swift in Sources */,
				9067BF4E20279855004DD071 /* AppDelegate.swift in Sources */,
			);
			runOnlyForDeploymentPostprocessing = 0;
		};
/* End PBXSourcesBuildPhase section */

/* Begin PBXVariantGroup section */
		9067BF5120279855004DD071 /* Main.storyboard */ = {
			isa = PBXVariantGroup;
			children = (
				9067BF5220279855004DD071 /* Base */,
			);
			name = Main.storyboard;
			sourceTree = "<group>";
		};
		9067BF5620279855004DD071 /* LaunchScreen.storyboard */ = {
			isa = PBXVariantGroup;
			children = (
				9067BF5720279855004DD071 /* Base */,
			);
			name = LaunchScreen.storyboard;
			sourceTree = "<group>";
		};
/* End PBXVariantGroup section */

/* Begin XCBuildConfiguration section */
		9067BF5A20279855004DD071 /* Debug */ = {
			isa = XCBuildConfiguration;
			buildSettings = {
				ALWAYS_SEARCH_USER_PATHS = NO;
				CLANG_ANALYZER_NONNULL = YES;
				CLANG_ANALYZER_NUMBER_OBJECT_CONVERSION = YES_AGGRESSIVE;
				CLANG_CXX_LANGUAGE_STANDARD = "gnu++14";
				CLANG_CXX_LIBRARY = "libc++";
				CLANG_ENABLE_MODULES = YES;
				CLANG_ENABLE_OBJC_ARC = YES;
				CLANG_WARN_BLOCK_CAPTURE_AUTORELEASING = YES;
				CLANG_WARN_BOOL_CONVERSION = YES;
				CLANG_WARN_COMMA = YES;
				CLANG_WARN_CONSTANT_CONVERSION = YES;
				CLANG_WARN_DIRECT_OBJC_ISA_USAGE = YES_ERROR;
				CLANG_WARN_DOCUMENTATION_COMMENTS = YES;
				CLANG_WARN_EMPTY_BODY = YES;
				CLANG_WARN_ENUM_CONVERSION = YES;
				CLANG_WARN_INFINITE_RECURSION = YES;
				CLANG_WARN_INT_CONVERSION = YES;
				CLANG_WARN_NON_LITERAL_NULL_CONVERSION = YES;
				CLANG_WARN_OBJC_LITERAL_CONVERSION = YES;
				CLANG_WARN_OBJC_ROOT_CLASS = YES_ERROR;
				CLANG_WARN_RANGE_LOOP_ANALYSIS = YES;
				CLANG_WARN_STRICT_PROTOTYPES = YES;
				CLANG_WARN_SUSPICIOUS_MOVE = YES;
				CLANG_WARN_UNGUARDED_AVAILABILITY = YES_AGGRESSIVE;
				CLANG_WARN_UNREACHABLE_CODE = YES;
				CLANG_WARN__DUPLICATE_METHOD_MATCH = YES;
				CODE_SIGN_IDENTITY = "iPhone Developer";
				COPY_PHASE_STRIP = NO;
				DEBUG_INFORMATION_FORMAT = dwarf;
				ENABLE_STRICT_OBJC_MSGSEND = YES;
				ENABLE_TESTABILITY = YES;
				GCC_C_LANGUAGE_STANDARD = gnu11;
				GCC_DYNAMIC_NO_PIC = NO;
				GCC_NO_COMMON_BLOCKS = YES;
				GCC_OPTIMIZATION_LEVEL = 0;
				GCC_PREPROCESSOR_DEFINITIONS = (
					"DEBUG=1",
					"$(inherited)",
				);
				GCC_WARN_64_TO_32_BIT_CONVERSION = YES;
				GCC_WARN_ABOUT_RETURN_TYPE = YES_ERROR;
				GCC_WARN_UNDECLARED_SELECTOR = YES;
				GCC_WARN_UNINITIALIZED_AUTOS = YES_AGGRESSIVE;
				GCC_WARN_UNUSED_FUNCTION = YES;
				GCC_WARN_UNUSED_VARIABLE = YES;
				IPHONEOS_DEPLOYMENT_TARGET = 11.2;
				MTL_ENABLE_DEBUG_INFO = YES;
				ONLY_ACTIVE_ARCH = YES;
				SDKROOT = iphoneos;
				SWIFT_ACTIVE_COMPILATION_CONDITIONS = DEBUG;
				SWIFT_OPTIMIZATION_LEVEL = "-Onone";
			};
			name = Debug;
		};
		9067BF5B20279855004DD071 /* Release */ = {
			isa = XCBuildConfiguration;
			buildSettings = {
				ALWAYS_SEARCH_USER_PATHS = NO;
				CLANG_ANALYZER_NONNULL = YES;
				CLANG_ANALYZER_NUMBER_OBJECT_CONVERSION = YES_AGGRESSIVE;
				CLANG_CXX_LANGUAGE_STANDARD = "gnu++14";
				CLANG_CXX_LIBRARY = "libc++";
				CLANG_ENABLE_MODULES = YES;
				CLANG_ENABLE_OBJC_ARC = YES;
				CLANG_WARN_BLOCK_CAPTURE_AUTORELEASING = YES;
				CLANG_WARN_BOOL_CONVERSION = YES;
				CLANG_WARN_COMMA = YES;
				CLANG_WARN_CONSTANT_CONVERSION = YES;
				CLANG_WARN_DIRECT_OBJC_ISA_USAGE = YES_ERROR;
				CLANG_WARN_DOCUMENTATION_COMMENTS = YES;
				CLANG_WARN_EMPTY_BODY = YES;
				CLANG_WARN_ENUM_CONVERSION = YES;
				CLANG_WARN_INFINITE_RECURSION = YES;
				CLANG_WARN_INT_CONVERSION = YES;
				CLANG_WARN_NON_LITERAL_NULL_CONVERSION = YES;
				CLANG_WARN_OBJC_LITERAL_CONVERSION = YES;
				CLANG_WARN_OBJC_ROOT_CLASS = YES_ERROR;
				CLANG_WARN_RANGE_LOOP_ANALYSIS = YES;
				CLANG_WARN_STRICT_PROTOTYPES = YES;
				CLANG_WARN_SUSPICIOUS_MOVE = YES;
				CLANG_WARN_UNGUARDED_AVAILABILITY = YES_AGGRESSIVE;
				CLANG_WARN_UNREACHABLE_CODE = YES;
				CLANG_WARN__DUPLICATE_METHOD_MATCH = YES;
				CODE_SIGN_IDENTITY = "iPhone Developer";
				COPY_PHASE_STRIP = NO;
				DEBUG_INFORMATION_FORMAT = "dwarf-with-dsym";
				ENABLE_NS_ASSERTIONS = NO;
				ENABLE_STRICT_OBJC_MSGSEND = YES;
				GCC_C_LANGUAGE_STANDARD = gnu11;
				GCC_NO_COMMON_BLOCKS = YES;
				GCC_WARN_64_TO_32_BIT_CONVERSION = YES;
				GCC_WARN_ABOUT_RETURN_TYPE = YES_ERROR;
				GCC_WARN_UNDECLARED_SELECTOR = YES;
				GCC_WARN_UNINITIALIZED_AUTOS = YES_AGGRESSIVE;
				GCC_WARN_UNUSED_FUNCTION = YES;
				GCC_WARN_UNUSED_VARIABLE = YES;
				IPHONEOS_DEPLOYMENT_TARGET = 11.2;
				MTL_ENABLE_DEBUG_INFO = NO;
				SDKROOT = iphoneos;
				SWIFT_OPTIMIZATION_LEVEL = "-Owholemodule";
				VALIDATE_PRODUCT = YES;
			};
			name = Release;
		};
		9067BF5D20279855004DD071 /* Debug */ = {
			isa = XCBuildConfiguration;
			baseConfigurationReference = A1CEC85C700767D666F7C323 /* Pods-NetworkController.debug.xcconfig */;
			buildSettings = {
				ASSETCATALOG_COMPILER_APPICON_NAME = AppIcon;
				CODE_SIGN_STYLE = Automatic;
				DEVELOPMENT_TEAM = RK9WGKSBS8;
				INFOPLIST_FILE = NetworkController/Info.plist;
				IPHONEOS_DEPLOYMENT_TARGET = 11.0;
				LD_RUNPATH_SEARCH_PATHS = "$(inherited) @executable_path/Frameworks";
				PRODUCT_BUNDLE_IDENTIFIER = mykola.vankovych.NetworkController;
				PRODUCT_NAME = "$(TARGET_NAME)";
				SWIFT_VERSION = 4.0;
				TARGETED_DEVICE_FAMILY = "1,2";
			};
			name = Debug;
		};
		9067BF5E20279855004DD071 /* Release */ = {
			isa = XCBuildConfiguration;
			baseConfigurationReference = 0215159D685A2405DF3B444A /* Pods-NetworkController.release.xcconfig */;
			buildSettings = {
				ASSETCATALOG_COMPILER_APPICON_NAME = AppIcon;
				CODE_SIGN_STYLE = Automatic;
				DEVELOPMENT_TEAM = RK9WGKSBS8;
				INFOPLIST_FILE = NetworkController/Info.plist;
				IPHONEOS_DEPLOYMENT_TARGET = 11.0;
				LD_RUNPATH_SEARCH_PATHS = "$(inherited) @executable_path/Frameworks";
				PRODUCT_BUNDLE_IDENTIFIER = mykola.vankovych.NetworkController;
				PRODUCT_NAME = "$(TARGET_NAME)";
				SWIFT_VERSION = 4.0;
				TARGETED_DEVICE_FAMILY = "1,2";
			};
			name = Release;
		};
/* End XCBuildConfiguration section */

/* Begin XCConfigurationList section */
		9067BF4520279855004DD071 /* Build configuration list for PBXProject "NetworkController" */ = {
			isa = XCConfigurationList;
			buildConfigurations = (
				9067BF5A20279855004DD071 /* Debug */,
				9067BF5B20279855004DD071 /* Release */,
			);
			defaultConfigurationIsVisible = 0;
			defaultConfigurationName = Release;
		};
		9067BF5C20279855004DD071 /* Build configuration list for PBXNativeTarget "NetworkController" */ = {
			isa = XCConfigurationList;
			buildConfigurations = (
				9067BF5D20279855004DD071 /* Debug */,
				9067BF5E20279855004DD071 /* Release */,
			);
			defaultConfigurationIsVisible = 0;
			defaultConfigurationName = Release;
		};
/* End XCConfigurationList section */
	};
	rootObject = 9067BF4220279855004DD071 /* Project object */;
}
